// !$*UTF8*$!
{
	archiveVersion = 1;
	classes = {
	};
	objectVersion = 55;
	objects = {

/* Begin PBXBuildFile section */
		245FED6A2983965800EE02B6 /* SearchCommunity.swift in Sources */ = {isa = PBXBuildFile; fileRef = 245FED692983965800EE02B6 /* SearchCommunity.swift */; };
		245FED6E2983971100EE02B6 /* JoinCommunityRequest.swift in Sources */ = {isa = PBXBuildFile; fileRef = 245FED6D2983971100EE02B6 /* JoinCommunityRequest.swift */; };
		245FED712983976400EE02B6 /* myeongsoo.png in Resources */ = {isa = PBXBuildFile; fileRef = 245FED6F2983976400EE02B6 /* myeongsoo.png */; };
		245FED722983976400EE02B6 /* haerin.jpg in Resources */ = {isa = PBXBuildFile; fileRef = 245FED702983976400EE02B6 /* haerin.jpg */; };
		24A21A392976EA2400AE8BF9 /* DataClass.swift in Sources */ = {isa = PBXBuildFile; fileRef = 24A21A382976EA2400AE8BF9 /* DataClass.swift */; };
		24E794242971653C00E69633 /* ReadingTime.swift in Sources */ = {isa = PBXBuildFile; fileRef = 24E794232971653C00E69633 /* ReadingTime.swift */; };
		24E7942C2972BDD300E69633 /* CustomPopUp.swift in Sources */ = {isa = PBXBuildFile; fileRef = 24E7942B2972BDD300E69633 /* CustomPopUp.swift */; };
		2DFD5D6E9DDEA6E09EEF3D46 /* Pods_BookMark.framework in Frameworks */ = {isa = PBXBuildFile; fileRef = 5721549DEE181646370BC256 /* Pods_BookMark.framework */; };
		412B7ED92988DDF000B40AF3 /* PostDetailViewController.swift in Sources */ = {isa = PBXBuildFile; fileRef = 412B7ED82988DDF000B40AF3 /* PostDetailViewController.swift */; };
		412DDC8429858E3C00F6CB22 /* CommunityMemberViewController.swift in Sources */ = {isa = PBXBuildFile; fileRef = 412DDC8329858E3C00F6CB22 /* CommunityMemberViewController.swift */; };
		412DDC8629858E5F00F6CB22 /* WaitMemberViewController.swift in Sources */ = {isa = PBXBuildFile; fileRef = 412DDC8529858E5F00F6CB22 /* WaitMemberViewController.swift */; };
		86C3C2B1296858370035CFFE /* AppDelegate.swift in Sources */ = {isa = PBXBuildFile; fileRef = 86C3C2B0296858370035CFFE /* AppDelegate.swift */; };
		86C3C2B3296858370035CFFE /* SceneDelegate.swift in Sources */ = {isa = PBXBuildFile; fileRef = 86C3C2B2296858370035CFFE /* SceneDelegate.swift */; };
		86C3C2B5296858370035CFFE /* ViewController.swift in Sources */ = {isa = PBXBuildFile; fileRef = 86C3C2B4296858370035CFFE /* ViewController.swift */; };
		86C3C2B8296858370035CFFE /* Main.storyboard in Resources */ = {isa = PBXBuildFile; fileRef = 86C3C2B6296858370035CFFE /* Main.storyboard */; };
		86C3C2BA296858380035CFFE /* Assets.xcassets in Resources */ = {isa = PBXBuildFile; fileRef = 86C3C2B9296858380035CFFE /* Assets.xcassets */; };
		86C3C2BD296858380035CFFE /* LaunchScreen.storyboard in Resources */ = {isa = PBXBuildFile; fileRef = 86C3C2BB296858380035CFFE /* LaunchScreen.storyboard */; };
		86C3C2C5296D77EB0035CFFE /* BookDetailViewController.swift in Sources */ = {isa = PBXBuildFile; fileRef = 86C3C2C4296D77EB0035CFFE /* BookDetailViewController.swift */; };
		86C3C2CD296D8CCC0035CFFE /* book.png in Resources */ = {isa = PBXBuildFile; fileRef = 86C3C2CC296D8CCC0035CFFE /* book.png */; };
		86C3C2D0296E694B0035CFFE /* AddBookBarcode.swift in Sources */ = {isa = PBXBuildFile; fileRef = 86C3C2CE296E694B0035CFFE /* AddBookBarcode.swift */; };
		86C3C2D1296E694B0035CFFE /* BarcodeReaderView.swift in Sources */ = {isa = PBXBuildFile; fileRef = 86C3C2CF296E694B0035CFFE /* BarcodeReaderView.swift */; };
		86C3C2D3296E69630035CFFE /* ConfirmBookViewController.swift in Sources */ = {isa = PBXBuildFile; fileRef = 86C3C2D2296E69630035CFFE /* ConfirmBookViewController.swift */; };
		E832390829879ABC00DC83C2 /* CommunityInsideViewController.swift in Sources */ = {isa = PBXBuildFile; fileRef = E832390729879ABC00DC83C2 /* CommunityInsideViewController.swift */; };
		E8C2B4F1296A8915000E2030 /* MyLibTab.swift in Sources */ = {isa = PBXBuildFile; fileRef = E8C2B4F0296A8915000E2030 /* MyLibTab.swift */; };
		E8C2B4F5296A8A85000E2030 /* Colors.swift in Sources */ = {isa = PBXBuildFile; fileRef = E8C2B4F4296A8A85000E2030 /* Colors.swift */; };
		E8C2B4F7296A8CC5000E2030 /* OneLineTab.swift in Sources */ = {isa = PBXBuildFile; fileRef = E8C2B4F6296A8CC5000E2030 /* OneLineTab.swift */; };
		E8C2B4F9296A8D6D000E2030 /* MainTabBarController.swift in Sources */ = {isa = PBXBuildFile; fileRef = E8C2B4F8296A8D6D000E2030 /* MainTabBarController.swift */; };
		E8C2B4FB296A8F40000E2030 /* CommunityTab.swift in Sources */ = {isa = PBXBuildFile; fileRef = E8C2B4FA296A8F40000E2030 /* CommunityTab.swift */; };
		E8C2B4FD296A8F6A000E2030 /* ScrapTab.swift in Sources */ = {isa = PBXBuildFile; fileRef = E8C2B4FC296A8F6A000E2030 /* ScrapTab.swift */; };
		E8C2B4FF296A8F8C000E2030 /* MyPageTab.swift in Sources */ = {isa = PBXBuildFile; fileRef = E8C2B4FE296A8F8C000E2030 /* MyPageTab.swift */; };
		E8C2B501296A93C2000E2030 /* Utils.swift in Sources */ = {isa = PBXBuildFile; fileRef = E8C2B500296A93C2000E2030 /* Utils.swift */; };
		E8C2B50F296AA576000E2030 /* pepe.jpg in Resources */ = {isa = PBXBuildFile; fileRef = E8C2B50E296AA576000E2030 /* pepe.jpg */; };
		E8C2B51329743975000E2030 /* Network.swift in Sources */ = {isa = PBXBuildFile; fileRef = E8C2B51229743975000E2030 /* Network.swift */; };
		E8D5C3D329824114003D1AD0 /* SetCommunityViewController.swift in Sources */ = {isa = PBXBuildFile; fileRef = E8D5C3D229824114003D1AD0 /* SetCommunityViewController.swift */; };
		E8D5C3D529824126003D1AD0 /* CreateCommunityViewController.swift in Sources */ = {isa = PBXBuildFile; fileRef = E8D5C3D429824126003D1AD0 /* CreateCommunityViewController.swift */; };
		E8D5C3D729824130003D1AD0 /* CommunitySettingView.swift in Sources */ = {isa = PBXBuildFile; fileRef = E8D5C3D629824130003D1AD0 /* CommunitySettingView.swift */; };
		E8D5C3D9298269E7003D1AD0 /* CommunitySettingBaseViewController.swift in Sources */ = {isa = PBXBuildFile; fileRef = E8D5C3D8298269E7003D1AD0 /* CommunitySettingBaseViewController.swift */; };
		E8D5C3DC29827056003D1AD0 /* CreatePostViewController.swift in Sources */ = {isa = PBXBuildFile; fileRef = E8D5C3DB29827056003D1AD0 /* CreatePostViewController.swift */; };
/* End PBXBuildFile section */

/* Begin PBXFileReference section */
		245FED692983965800EE02B6 /* SearchCommunity.swift */ = {isa = PBXFileReference; lastKnownFileType = sourcecode.swift; path = SearchCommunity.swift; sourceTree = "<group>"; };
		245FED6D2983971100EE02B6 /* JoinCommunityRequest.swift */ = {isa = PBXFileReference; lastKnownFileType = sourcecode.swift; path = JoinCommunityRequest.swift; sourceTree = "<group>"; };
		245FED6F2983976400EE02B6 /* myeongsoo.png */ = {isa = PBXFileReference; lastKnownFileType = image.png; path = myeongsoo.png; sourceTree = "<group>"; };
		245FED702983976400EE02B6 /* haerin.jpg */ = {isa = PBXFileReference; lastKnownFileType = image.jpeg; path = haerin.jpg; sourceTree = "<group>"; };
		24A21A382976EA2400AE8BF9 /* DataClass.swift */ = {isa = PBXFileReference; fileEncoding = 4; lastKnownFileType = sourcecode.swift; path = DataClass.swift; sourceTree = "<group>"; };
		24E794232971653C00E69633 /* ReadingTime.swift */ = {isa = PBXFileReference; lastKnownFileType = sourcecode.swift; path = ReadingTime.swift; sourceTree = "<group>"; };
		24E7942B2972BDD300E69633 /* CustomPopUp.swift */ = {isa = PBXFileReference; lastKnownFileType = sourcecode.swift; path = CustomPopUp.swift; sourceTree = "<group>"; };
		412B7ED82988DDF000B40AF3 /* PostDetailViewController.swift */ = {isa = PBXFileReference; lastKnownFileType = sourcecode.swift; path = PostDetailViewController.swift; sourceTree = "<group>"; };
		412DDC8329858E3C00F6CB22 /* CommunityMemberViewController.swift */ = {isa = PBXFileReference; lastKnownFileType = sourcecode.swift; path = CommunityMemberViewController.swift; sourceTree = "<group>"; };
		412DDC8529858E5F00F6CB22 /* WaitMemberViewController.swift */ = {isa = PBXFileReference; lastKnownFileType = sourcecode.swift; path = WaitMemberViewController.swift; sourceTree = "<group>"; };
		418EDADFB5CFEB9E1C9ADDE8 /* Pods-BookMark.debug.xcconfig */ = {isa = PBXFileReference; includeInIndex = 1; lastKnownFileType = text.xcconfig; name = "Pods-BookMark.debug.xcconfig"; path = "Target Support Files/Pods-BookMark/Pods-BookMark.debug.xcconfig"; sourceTree = "<group>"; };
		5721549DEE181646370BC256 /* Pods_BookMark.framework */ = {isa = PBXFileReference; explicitFileType = wrapper.framework; includeInIndex = 0; path = Pods_BookMark.framework; sourceTree = BUILT_PRODUCTS_DIR; };
		86C3C2AD296858370035CFFE /* BookMark.app */ = {isa = PBXFileReference; explicitFileType = wrapper.application; includeInIndex = 0; path = BookMark.app; sourceTree = BUILT_PRODUCTS_DIR; };
		86C3C2B0296858370035CFFE /* AppDelegate.swift */ = {isa = PBXFileReference; lastKnownFileType = sourcecode.swift; path = AppDelegate.swift; sourceTree = "<group>"; };
		86C3C2B2296858370035CFFE /* SceneDelegate.swift */ = {isa = PBXFileReference; lastKnownFileType = sourcecode.swift; path = SceneDelegate.swift; sourceTree = "<group>"; };
		86C3C2B4296858370035CFFE /* ViewController.swift */ = {isa = PBXFileReference; lastKnownFileType = sourcecode.swift; path = ViewController.swift; sourceTree = "<group>"; };
		86C3C2B7296858370035CFFE /* Base */ = {isa = PBXFileReference; lastKnownFileType = file.storyboard; name = Base; path = Base.lproj/Main.storyboard; sourceTree = "<group>"; };
		86C3C2B9296858380035CFFE /* Assets.xcassets */ = {isa = PBXFileReference; lastKnownFileType = folder.assetcatalog; path = Assets.xcassets; sourceTree = "<group>"; };
		86C3C2BC296858380035CFFE /* Base */ = {isa = PBXFileReference; lastKnownFileType = file.storyboard; name = Base; path = Base.lproj/LaunchScreen.storyboard; sourceTree = "<group>"; };
		86C3C2BE296858380035CFFE /* Info.plist */ = {isa = PBXFileReference; lastKnownFileType = text.plist.xml; path = Info.plist; sourceTree = "<group>"; };
		86C3C2C4296D77EB0035CFFE /* BookDetailViewController.swift */ = {isa = PBXFileReference; lastKnownFileType = sourcecode.swift; path = BookDetailViewController.swift; sourceTree = "<group>"; };
		86C3C2CC296D8CCC0035CFFE /* book.png */ = {isa = PBXFileReference; lastKnownFileType = image.png; path = book.png; sourceTree = "<group>"; };
		86C3C2CE296E694B0035CFFE /* AddBookBarcode.swift */ = {isa = PBXFileReference; fileEncoding = 4; lastKnownFileType = sourcecode.swift; path = AddBookBarcode.swift; sourceTree = "<group>"; };
		86C3C2CF296E694B0035CFFE /* BarcodeReaderView.swift */ = {isa = PBXFileReference; fileEncoding = 4; lastKnownFileType = sourcecode.swift; path = BarcodeReaderView.swift; sourceTree = "<group>"; };
		86C3C2D2296E69630035CFFE /* ConfirmBookViewController.swift */ = {isa = PBXFileReference; fileEncoding = 4; lastKnownFileType = sourcecode.swift; path = ConfirmBookViewController.swift; sourceTree = "<group>"; };
		CD50D9E346145F9EDEF00686 /* Pods-BookMark.release.xcconfig */ = {isa = PBXFileReference; includeInIndex = 1; lastKnownFileType = text.xcconfig; name = "Pods-BookMark.release.xcconfig"; path = "Target Support Files/Pods-BookMark/Pods-BookMark.release.xcconfig"; sourceTree = "<group>"; };
		E832390729879ABC00DC83C2 /* CommunityInsideViewController.swift */ = {isa = PBXFileReference; fileEncoding = 4; lastKnownFileType = sourcecode.swift; path = CommunityInsideViewController.swift; sourceTree = "<group>"; };
		E8C2B4F0296A8915000E2030 /* MyLibTab.swift */ = {isa = PBXFileReference; lastKnownFileType = sourcecode.swift; path = MyLibTab.swift; sourceTree = "<group>"; };
		E8C2B4F4296A8A85000E2030 /* Colors.swift */ = {isa = PBXFileReference; lastKnownFileType = sourcecode.swift; path = Colors.swift; sourceTree = "<group>"; };
		E8C2B4F6296A8CC5000E2030 /* OneLineTab.swift */ = {isa = PBXFileReference; lastKnownFileType = sourcecode.swift; path = OneLineTab.swift; sourceTree = "<group>"; };
		E8C2B4F8296A8D6D000E2030 /* MainTabBarController.swift */ = {isa = PBXFileReference; lastKnownFileType = sourcecode.swift; path = MainTabBarController.swift; sourceTree = "<group>"; };
		E8C2B4FA296A8F40000E2030 /* CommunityTab.swift */ = {isa = PBXFileReference; lastKnownFileType = sourcecode.swift; path = CommunityTab.swift; sourceTree = "<group>"; };
		E8C2B4FC296A8F6A000E2030 /* ScrapTab.swift */ = {isa = PBXFileReference; lastKnownFileType = sourcecode.swift; path = ScrapTab.swift; sourceTree = "<group>"; };
		E8C2B4FE296A8F8C000E2030 /* MyPageTab.swift */ = {isa = PBXFileReference; lastKnownFileType = sourcecode.swift; path = MyPageTab.swift; sourceTree = "<group>"; };
		E8C2B500296A93C2000E2030 /* Utils.swift */ = {isa = PBXFileReference; lastKnownFileType = sourcecode.swift; path = Utils.swift; sourceTree = "<group>"; };
		E8C2B50E296AA576000E2030 /* pepe.jpg */ = {isa = PBXFileReference; lastKnownFileType = image.jpeg; path = pepe.jpg; sourceTree = "<group>"; };
		E8C2B51229743975000E2030 /* Network.swift */ = {isa = PBXFileReference; lastKnownFileType = sourcecode.swift; path = Network.swift; sourceTree = "<group>"; };
		E8D5C3D229824114003D1AD0 /* SetCommunityViewController.swift */ = {isa = PBXFileReference; lastKnownFileType = sourcecode.swift; path = SetCommunityViewController.swift; sourceTree = "<group>"; };
		E8D5C3D429824126003D1AD0 /* CreateCommunityViewController.swift */ = {isa = PBXFileReference; lastKnownFileType = sourcecode.swift; path = CreateCommunityViewController.swift; sourceTree = "<group>"; };
		E8D5C3D629824130003D1AD0 /* CommunitySettingView.swift */ = {isa = PBXFileReference; lastKnownFileType = sourcecode.swift; path = CommunitySettingView.swift; sourceTree = "<group>"; };
		E8D5C3D8298269E7003D1AD0 /* CommunitySettingBaseViewController.swift */ = {isa = PBXFileReference; lastKnownFileType = sourcecode.swift; path = CommunitySettingBaseViewController.swift; sourceTree = "<group>"; };
		E8D5C3DB29827056003D1AD0 /* CreatePostViewController.swift */ = {isa = PBXFileReference; lastKnownFileType = sourcecode.swift; path = CreatePostViewController.swift; sourceTree = "<group>"; };
/* End PBXFileReference section */

/* Begin PBXFrameworksBuildPhase section */
		86C3C2AA296858370035CFFE /* Frameworks */ = {
			isa = PBXFrameworksBuildPhase;
			buildActionMask = 2147483647;
			files = (
				2DFD5D6E9DDEA6E09EEF3D46 /* Pods_BookMark.framework in Frameworks */,
			);
			runOnlyForDeploymentPostprocessing = 0;
		};
/* End PBXFrameworksBuildPhase section */

/* Begin PBXGroup section */
		650C55764473948B3B1476E4 /* Pods */ = {
			isa = PBXGroup;
			children = (
				418EDADFB5CFEB9E1C9ADDE8 /* Pods-BookMark.debug.xcconfig */,
				CD50D9E346145F9EDEF00686 /* Pods-BookMark.release.xcconfig */,
			);
			path = Pods;
			sourceTree = "<group>";
		};
		86C3C2A4296858370035CFFE = {
			isa = PBXGroup;
			children = (
				E8D5C3E129838303003D1AD0 /* Utility */,
				E8D5C3E0298382C1003D1AD0 /* MyPage */,
				E8D5C3DF298382B3003D1AD0 /* Scrap */,
				E8D5C3DE29838299003D1AD0 /* OneLine */,
				E8D5C3DD29838269003D1AD0 /* Community */,
				E8C2B4F3296A8A66000E2030 /* MyLib */,
				86C3C2AF296858370035CFFE /* BookMark */,
				86C3C2AE296858370035CFFE /* Products */,
				650C55764473948B3B1476E4 /* Pods */,
				AD88288103AF29B584527552 /* Frameworks */,
			);
			sourceTree = "<group>";
		};
		86C3C2AE296858370035CFFE /* Products */ = {
			isa = PBXGroup;
			children = (
				86C3C2AD296858370035CFFE /* BookMark.app */,
			);
			name = Products;
			sourceTree = "<group>";
		};
		86C3C2AF296858370035CFFE /* BookMark */ = {
			isa = PBXGroup;
			children = (
				E8C2B4F8296A8D6D000E2030 /* MainTabBarController.swift */,
				245FED702983976400EE02B6 /* haerin.jpg */,
				245FED6F2983976400EE02B6 /* myeongsoo.png */,
				E8C2B50E296AA576000E2030 /* pepe.jpg */,
				86C3C2CC296D8CCC0035CFFE /* book.png */,
				86C3C2B0296858370035CFFE /* AppDelegate.swift */,
				86C3C2B2296858370035CFFE /* SceneDelegate.swift */,
				86C3C2B4296858370035CFFE /* ViewController.swift */,
				86C3C2B6296858370035CFFE /* Main.storyboard */,
				86C3C2B9296858380035CFFE /* Assets.xcassets */,
				86C3C2BB296858380035CFFE /* LaunchScreen.storyboard */,
				86C3C2BE296858380035CFFE /* Info.plist */,
			);
			path = BookMark;
			sourceTree = "<group>";
		};
		AD88288103AF29B584527552 /* Frameworks */ = {
			isa = PBXGroup;
			children = (
				5721549DEE181646370BC256 /* Pods_BookMark.framework */,
			);
			name = Frameworks;
			sourceTree = "<group>";
		};
		E8C2B4F3296A8A66000E2030 /* MyLib */ = {
			isa = PBXGroup;
			children = (
				E8D5C3E329838352003D1AD0 /* Barcode */,
				E8D5C3E229838329003D1AD0 /* Timer */,
				E8C2B4F0296A8915000E2030 /* MyLibTab.swift */,
				24E7942B2972BDD300E69633 /* CustomPopUp.swift */,
				86C3C2C4296D77EB0035CFFE /* BookDetailViewController.swift */,
			);
			path = MyLib;
			sourceTree = "<group>";
		};
		E8D5C3D1298240C5003D1AD0 /* BookCommunitySettings */ = {
			isa = PBXGroup;
			children = (
				E8D5C3D229824114003D1AD0 /* SetCommunityViewController.swift */,
				E8D5C3D429824126003D1AD0 /* CreateCommunityViewController.swift */,
				E8D5C3D8298269E7003D1AD0 /* CommunitySettingBaseViewController.swift */,
				E8D5C3D629824130003D1AD0 /* CommunitySettingView.swift */,
			);
			path = BookCommunitySettings;
			sourceTree = "<group>";
		};
		E8D5C3DD29838269003D1AD0 /* Community */ = {
			isa = PBXGroup;
			children = (
				E8D5C3D1298240C5003D1AD0 /* BookCommunitySettings */,
				E8D5C3DB29827056003D1AD0 /* CreatePostViewController.swift */,
				E8C2B4FA296A8F40000E2030 /* CommunityTab.swift */,
				E832390729879ABC00DC83C2 /* CommunityInsideViewController.swift */,
				245FED692983965800EE02B6 /* SearchCommunity.swift */,
				245FED6D2983971100EE02B6 /* JoinCommunityRequest.swift */,
				412DDC8329858E3C00F6CB22 /* CommunityMemberViewController.swift */,
				412DDC8529858E5F00F6CB22 /* WaitMemberViewController.swift */,
				412B7ED82988DDF000B40AF3 /* PostDetailViewController.swift */,
			);
			path = Community;
			sourceTree = "<group>";
		};
		E8D5C3DE29838299003D1AD0 /* OneLine */ = {
			isa = PBXGroup;
			children = (
				E8C2B4F6296A8CC5000E2030 /* OneLineTab.swift */,
			);
			path = OneLine;
			sourceTree = "<group>";
		};
		E8D5C3DF298382B3003D1AD0 /* Scrap */ = {
			isa = PBXGroup;
			children = (
				E8C2B4FC296A8F6A000E2030 /* ScrapTab.swift */,
			);
			path = Scrap;
			sourceTree = "<group>";
		};
		E8D5C3E0298382C1003D1AD0 /* MyPage */ = {
			isa = PBXGroup;
			children = (
				E8C2B4FE296A8F8C000E2030 /* MyPageTab.swift */,
			);
			path = MyPage;
			sourceTree = "<group>";
		};
		E8D5C3E129838303003D1AD0 /* Utility */ = {
			isa = PBXGroup;
			children = (
				E8C2B51229743975000E2030 /* Network.swift */,
				E8C2B4F4296A8A85000E2030 /* Colors.swift */,
				24A21A382976EA2400AE8BF9 /* DataClass.swift */,
				E8C2B500296A93C2000E2030 /* Utils.swift */,
			);
			path = Utility;
			sourceTree = "<group>";
		};
		E8D5C3E229838329003D1AD0 /* Timer */ = {
			isa = PBXGroup;
			children = (
				24E794232971653C00E69633 /* ReadingTime.swift */,
			);
			path = Timer;
			sourceTree = "<group>";
		};
		E8D5C3E329838352003D1AD0 /* Barcode */ = {
			isa = PBXGroup;
			children = (
				86C3C2CE296E694B0035CFFE /* AddBookBarcode.swift */,
				86C3C2CF296E694B0035CFFE /* BarcodeReaderView.swift */,
				86C3C2D2296E69630035CFFE /* ConfirmBookViewController.swift */,
			);
			path = Barcode;
			sourceTree = "<group>";
		};
/* End PBXGroup section */

/* Begin PBXNativeTarget section */
		86C3C2AC296858370035CFFE /* BookMark */ = {
			isa = PBXNativeTarget;
			buildConfigurationList = 86C3C2C1296858380035CFFE /* Build configuration list for PBXNativeTarget "BookMark" */;
			buildPhases = (
				314F6AFFB55243CDD777E7BA /* [CP] Check Pods Manifest.lock */,
				86C3C2A9296858370035CFFE /* Sources */,
				86C3C2AA296858370035CFFE /* Frameworks */,
				86C3C2AB296858370035CFFE /* Resources */,
				833218BFB0D0D501AF4F1F22 /* [CP] Embed Pods Frameworks */,
			);
			buildRules = (
			);
			dependencies = (
			);
			name = BookMark;
			productName = BookMark;
			productReference = 86C3C2AD296858370035CFFE /* BookMark.app */;
			productType = "com.apple.product-type.application";
		};
/* End PBXNativeTarget section */

/* Begin PBXProject section */
		86C3C2A5296858370035CFFE /* Project object */ = {
			isa = PBXProject;
			attributes = {
				BuildIndependentTargetsInParallel = 1;
				LastSwiftUpdateCheck = 1420;
				LastUpgradeCheck = 1420;
				TargetAttributes = {
					86C3C2AC296858370035CFFE = {
						CreatedOnToolsVersion = 14.2;
					};
				};
			};
			buildConfigurationList = 86C3C2A8296858370035CFFE /* Build configuration list for PBXProject "BookMark" */;
			compatibilityVersion = "Xcode 13.0";
			developmentRegion = en;
			hasScannedForEncodings = 0;
			knownRegions = (
				en,
				Base,
			);
			mainGroup = 86C3C2A4296858370035CFFE;
			productRefGroup = 86C3C2AE296858370035CFFE /* Products */;
			projectDirPath = "";
			projectRoot = "";
			targets = (
				86C3C2AC296858370035CFFE /* BookMark */,
			);
		};
/* End PBXProject section */

/* Begin PBXResourcesBuildPhase section */
		86C3C2AB296858370035CFFE /* Resources */ = {
			isa = PBXResourcesBuildPhase;
			buildActionMask = 2147483647;
			files = (
				245FED722983976400EE02B6 /* haerin.jpg in Resources */,
				245FED712983976400EE02B6 /* myeongsoo.png in Resources */,
				86C3C2BD296858380035CFFE /* LaunchScreen.storyboard in Resources */,
				86C3C2CD296D8CCC0035CFFE /* book.png in Resources */,
				86C3C2BA296858380035CFFE /* Assets.xcassets in Resources */,
				E8C2B50F296AA576000E2030 /* pepe.jpg in Resources */,
				86C3C2B8296858370035CFFE /* Main.storyboard in Resources */,
			);
			runOnlyForDeploymentPostprocessing = 0;
		};
/* End PBXResourcesBuildPhase section */

/* Begin PBXShellScriptBuildPhase section */
		314F6AFFB55243CDD777E7BA /* [CP] Check Pods Manifest.lock */ = {
			isa = PBXShellScriptBuildPhase;
			buildActionMask = 2147483647;
			files = (
			);
			inputFileListPaths = (
			);
			inputPaths = (
				"${PODS_PODFILE_DIR_PATH}/Podfile.lock",
				"${PODS_ROOT}/Manifest.lock",
			);
			name = "[CP] Check Pods Manifest.lock";
			outputFileListPaths = (
			);
			outputPaths = (
				"$(DERIVED_FILE_DIR)/Pods-BookMark-checkManifestLockResult.txt",
			);
			runOnlyForDeploymentPostprocessing = 0;
			shellPath = /bin/sh;
			shellScript = "diff \"${PODS_PODFILE_DIR_PATH}/Podfile.lock\" \"${PODS_ROOT}/Manifest.lock\" > /dev/null\nif [ $? != 0 ] ; then\n    # print error to STDERR\n    echo \"error: The sandbox is not in sync with the Podfile.lock. Run 'pod install' or update your CocoaPods installation.\" >&2\n    exit 1\nfi\n# This output is used by Xcode 'outputs' to avoid re-running this script phase.\necho \"SUCCESS\" > \"${SCRIPT_OUTPUT_FILE_0}\"\n";
			showEnvVarsInLog = 0;
		};
		833218BFB0D0D501AF4F1F22 /* [CP] Embed Pods Frameworks */ = {
			isa = PBXShellScriptBuildPhase;
			buildActionMask = 2147483647;
			files = (
			);
			inputFileListPaths = (
				"${PODS_ROOT}/Target Support Files/Pods-BookMark/Pods-BookMark-frameworks-${CONFIGURATION}-input-files.xcfilelist",
			);
			name = "[CP] Embed Pods Frameworks";
			outputFileListPaths = (
				"${PODS_ROOT}/Target Support Files/Pods-BookMark/Pods-BookMark-frameworks-${CONFIGURATION}-output-files.xcfilelist",
			);
			runOnlyForDeploymentPostprocessing = 0;
			shellPath = /bin/sh;
			shellScript = "\"${PODS_ROOT}/Target Support Files/Pods-BookMark/Pods-BookMark-frameworks.sh\"\n";
			showEnvVarsInLog = 0;
		};
/* End PBXShellScriptBuildPhase section */

/* Begin PBXSourcesBuildPhase section */
		86C3C2A9296858370035CFFE /* Sources */ = {
			isa = PBXSourcesBuildPhase;
			buildActionMask = 2147483647;
			files = (
				86C3C2B5296858370035CFFE /* ViewController.swift in Sources */,
				24A21A392976EA2400AE8BF9 /* DataClass.swift in Sources */,
				E8C2B4FB296A8F40000E2030 /* CommunityTab.swift in Sources */,
				245FED6E2983971100EE02B6 /* JoinCommunityRequest.swift in Sources */,
				86C3C2D1296E694B0035CFFE /* BarcodeReaderView.swift in Sources */,
				E832390829879ABC00DC83C2 /* CommunityInsideViewController.swift in Sources */,
				E8D5C3DC29827056003D1AD0 /* CreatePostViewController.swift in Sources */,
				412B7ED92988DDF000B40AF3 /* PostDetailViewController.swift in Sources */,
				E8C2B51329743975000E2030 /* Network.swift in Sources */,
				86C3C2C5296D77EB0035CFFE /* BookDetailViewController.swift in Sources */,
				E8C2B4FF296A8F8C000E2030 /* MyPageTab.swift in Sources */,
				412DDC8629858E5F00F6CB22 /* WaitMemberViewController.swift in Sources */,
				24E794242971653C00E69633 /* ReadingTime.swift in Sources */,
				E8C2B4F5296A8A85000E2030 /* Colors.swift in Sources */,
				86C3C2B1296858370035CFFE /* AppDelegate.swift in Sources */,
				245FED6A2983965800EE02B6 /* SearchCommunity.swift in Sources */,
				E8C2B4F9296A8D6D000E2030 /* MainTabBarController.swift in Sources */,
				24E7942C2972BDD300E69633 /* CustomPopUp.swift in Sources */,
				86C3C2B3296858370035CFFE /* SceneDelegate.swift in Sources */,
				E8D5C3D529824126003D1AD0 /* CreateCommunityViewController.swift in Sources */,
				412DDC8429858E3C00F6CB22 /* CommunityMemberViewController.swift in Sources */,
				E8C2B501296A93C2000E2030 /* Utils.swift in Sources */,
				E8D5C3D329824114003D1AD0 /* SetCommunityViewController.swift in Sources */,
				E8D5C3D729824130003D1AD0 /* CommunitySettingView.swift in Sources */,
				86C3C2D3296E69630035CFFE /* ConfirmBookViewController.swift in Sources */,
				E8C2B4FD296A8F6A000E2030 /* ScrapTab.swift in Sources */,
				86C3C2D0296E694B0035CFFE /* AddBookBarcode.swift in Sources */,
				E8D5C3D9298269E7003D1AD0 /* CommunitySettingBaseViewController.swift in Sources */,
				E8C2B4F7296A8CC5000E2030 /* OneLineTab.swift in Sources */,
				E8C2B4F1296A8915000E2030 /* MyLibTab.swift in Sources */,
			);
			runOnlyForDeploymentPostprocessing = 0;
		};
/* End PBXSourcesBuildPhase section */

/* Begin PBXVariantGroup section */
		86C3C2B6296858370035CFFE /* Main.storyboard */ = {
			isa = PBXVariantGroup;
			children = (
				86C3C2B7296858370035CFFE /* Base */,
			);
			name = Main.storyboard;
			sourceTree = "<group>";
		};
		86C3C2BB296858380035CFFE /* LaunchScreen.storyboard */ = {
			isa = PBXVariantGroup;
			children = (
				86C3C2BC296858380035CFFE /* Base */,
			);
			name = LaunchScreen.storyboard;
			sourceTree = "<group>";
		};
/* End PBXVariantGroup section */

/* Begin XCBuildConfiguration section */
		86C3C2BF296858380035CFFE /* Debug */ = {
			isa = XCBuildConfiguration;
			buildSettings = {
				ALWAYS_SEARCH_USER_PATHS = NO;
				CLANG_ANALYZER_NONNULL = YES;
				CLANG_ANALYZER_NUMBER_OBJECT_CONVERSION = YES_AGGRESSIVE;
				CLANG_CXX_LANGUAGE_STANDARD = "gnu++20";
				CLANG_ENABLE_MODULES = YES;
				CLANG_ENABLE_OBJC_ARC = YES;
				CLANG_ENABLE_OBJC_WEAK = YES;
				CLANG_WARN_BLOCK_CAPTURE_AUTORELEASING = YES;
				CLANG_WARN_BOOL_CONVERSION = YES;
				CLANG_WARN_COMMA = YES;
				CLANG_WARN_CONSTANT_CONVERSION = YES;
				CLANG_WARN_DEPRECATED_OBJC_IMPLEMENTATIONS = YES;
				CLANG_WARN_DIRECT_OBJC_ISA_USAGE = YES_ERROR;
				CLANG_WARN_DOCUMENTATION_COMMENTS = YES;
				CLANG_WARN_EMPTY_BODY = YES;
				CLANG_WARN_ENUM_CONVERSION = YES;
				CLANG_WARN_INFINITE_RECURSION = YES;
				CLANG_WARN_INT_CONVERSION = YES;
				CLANG_WARN_NON_LITERAL_NULL_CONVERSION = YES;
				CLANG_WARN_OBJC_IMPLICIT_RETAIN_SELF = YES;
				CLANG_WARN_OBJC_LITERAL_CONVERSION = YES;
				CLANG_WARN_OBJC_ROOT_CLASS = YES_ERROR;
				CLANG_WARN_QUOTED_INCLUDE_IN_FRAMEWORK_HEADER = YES;
				CLANG_WARN_RANGE_LOOP_ANALYSIS = YES;
				CLANG_WARN_STRICT_PROTOTYPES = YES;
				CLANG_WARN_SUSPICIOUS_MOVE = YES;
				CLANG_WARN_UNGUARDED_AVAILABILITY = YES_AGGRESSIVE;
				CLANG_WARN_UNREACHABLE_CODE = YES;
				CLANG_WARN__DUPLICATE_METHOD_MATCH = YES;
				COPY_PHASE_STRIP = NO;
				DEBUG_INFORMATION_FORMAT = dwarf;
				ENABLE_STRICT_OBJC_MSGSEND = YES;
				ENABLE_TESTABILITY = YES;
				GCC_C_LANGUAGE_STANDARD = gnu11;
				GCC_DYNAMIC_NO_PIC = NO;
				GCC_NO_COMMON_BLOCKS = YES;
				GCC_OPTIMIZATION_LEVEL = 0;
				GCC_PREPROCESSOR_DEFINITIONS = (
					"DEBUG=1",
					"$(inherited)",
				);
				GCC_WARN_64_TO_32_BIT_CONVERSION = YES;
				GCC_WARN_ABOUT_RETURN_TYPE = YES_ERROR;
				GCC_WARN_UNDECLARED_SELECTOR = YES;
				GCC_WARN_UNINITIALIZED_AUTOS = YES_AGGRESSIVE;
				GCC_WARN_UNUSED_FUNCTION = YES;
				GCC_WARN_UNUSED_VARIABLE = YES;
				IPHONEOS_DEPLOYMENT_TARGET = 16.2;
				MTL_ENABLE_DEBUG_INFO = INCLUDE_SOURCE;
				MTL_FAST_MATH = YES;
				ONLY_ACTIVE_ARCH = YES;
				SDKROOT = iphoneos;
				SWIFT_ACTIVE_COMPILATION_CONDITIONS = DEBUG;
				SWIFT_OPTIMIZATION_LEVEL = "-Onone";
			};
			name = Debug;
		};
		86C3C2C0296858380035CFFE /* Release */ = {
			isa = XCBuildConfiguration;
			buildSettings = {
				ALWAYS_SEARCH_USER_PATHS = NO;
				CLANG_ANALYZER_NONNULL = YES;
				CLANG_ANALYZER_NUMBER_OBJECT_CONVERSION = YES_AGGRESSIVE;
				CLANG_CXX_LANGUAGE_STANDARD = "gnu++20";
				CLANG_ENABLE_MODULES = YES;
				CLANG_ENABLE_OBJC_ARC = YES;
				CLANG_ENABLE_OBJC_WEAK = YES;
				CLANG_WARN_BLOCK_CAPTURE_AUTORELEASING = YES;
				CLANG_WARN_BOOL_CONVERSION = YES;
				CLANG_WARN_COMMA = YES;
				CLANG_WARN_CONSTANT_CONVERSION = YES;
				CLANG_WARN_DEPRECATED_OBJC_IMPLEMENTATIONS = YES;
				CLANG_WARN_DIRECT_OBJC_ISA_USAGE = YES_ERROR;
				CLANG_WARN_DOCUMENTATION_COMMENTS = YES;
				CLANG_WARN_EMPTY_BODY = YES;
				CLANG_WARN_ENUM_CONVERSION = YES;
				CLANG_WARN_INFINITE_RECURSION = YES;
				CLANG_WARN_INT_CONVERSION = YES;
				CLANG_WARN_NON_LITERAL_NULL_CONVERSION = YES;
				CLANG_WARN_OBJC_IMPLICIT_RETAIN_SELF = YES;
				CLANG_WARN_OBJC_LITERAL_CONVERSION = YES;
				CLANG_WARN_OBJC_ROOT_CLASS = YES_ERROR;
				CLANG_WARN_QUOTED_INCLUDE_IN_FRAMEWORK_HEADER = YES;
				CLANG_WARN_RANGE_LOOP_ANALYSIS = YES;
				CLANG_WARN_STRICT_PROTOTYPES = YES;
				CLANG_WARN_SUSPICIOUS_MOVE = YES;
				CLANG_WARN_UNGUARDED_AVAILABILITY = YES_AGGRESSIVE;
				CLANG_WARN_UNREACHABLE_CODE = YES;
				CLANG_WARN__DUPLICATE_METHOD_MATCH = YES;
				COPY_PHASE_STRIP = NO;
				DEBUG_INFORMATION_FORMAT = "dwarf-with-dsym";
				ENABLE_NS_ASSERTIONS = NO;
				ENABLE_STRICT_OBJC_MSGSEND = YES;
				GCC_C_LANGUAGE_STANDARD = gnu11;
				GCC_NO_COMMON_BLOCKS = YES;
				GCC_WARN_64_TO_32_BIT_CONVERSION = YES;
				GCC_WARN_ABOUT_RETURN_TYPE = YES_ERROR;
				GCC_WARN_UNDECLARED_SELECTOR = YES;
				GCC_WARN_UNINITIALIZED_AUTOS = YES_AGGRESSIVE;
				GCC_WARN_UNUSED_FUNCTION = YES;
				GCC_WARN_UNUSED_VARIABLE = YES;
				IPHONEOS_DEPLOYMENT_TARGET = 16.2;
				MTL_ENABLE_DEBUG_INFO = NO;
				MTL_FAST_MATH = YES;
				SDKROOT = iphoneos;
				SWIFT_COMPILATION_MODE = wholemodule;
				SWIFT_OPTIMIZATION_LEVEL = "-O";
				VALIDATE_PRODUCT = YES;
			};
			name = Release;
		};
		86C3C2C2296858380035CFFE /* Debug */ = {
			isa = XCBuildConfiguration;
			baseConfigurationReference = 418EDADFB5CFEB9E1C9ADDE8 /* Pods-BookMark.debug.xcconfig */;
			buildSettings = {
				ASSETCATALOG_COMPILER_APPICON_NAME = AppIcon;
				ASSETCATALOG_COMPILER_GLOBAL_ACCENT_COLOR_NAME = AccentColor;
				CODE_SIGN_STYLE = Automatic;
				CURRENT_PROJECT_VERSION = 1;
				DEVELOPMENT_TEAM = UKZF3A6P2B;
				GENERATE_INFOPLIST_FILE = YES;
				INFOPLIST_FILE = BookMark/Info.plist;
				INFOPLIST_KEY_UIApplicationSupportsIndirectInputEvents = YES;
				INFOPLIST_KEY_UILaunchStoryboardName = LaunchScreen;
				INFOPLIST_KEY_UIMainStoryboardFile = Main;
				INFOPLIST_KEY_UISupportedInterfaceOrientations_iPad = "UIInterfaceOrientationPortrait UIInterfaceOrientationPortraitUpsideDown UIInterfaceOrientationLandscapeLeft UIInterfaceOrientationLandscapeRight";
				INFOPLIST_KEY_UISupportedInterfaceOrientations_iPhone = "UIInterfaceOrientationPortrait UIInterfaceOrientationLandscapeLeft UIInterfaceOrientationLandscapeRight";
				IPHONEOS_DEPLOYMENT_TARGET = 15.0;
				LD_RUNPATH_SEARCH_PATHS = (
					"$(inherited)",
					"@executable_path/Frameworks",
				);
				MARKETING_VERSION = 1.0;
				PRODUCT_BUNDLE_IDENTIFIER = "com.BookMark-Oneline.BookMark";
				PRODUCT_NAME = "$(TARGET_NAME)";
				SWIFT_EMIT_LOC_STRINGS = YES;
				SWIFT_VERSION = 5.0;
				TARGETED_DEVICE_FAMILY = "1,2";
			};
			name = Debug;
		};
		86C3C2C3296858380035CFFE /* Release */ = {
			isa = XCBuildConfiguration;
			baseConfigurationReference = CD50D9E346145F9EDEF00686 /* Pods-BookMark.release.xcconfig */;
			buildSettings = {
				ASSETCATALOG_COMPILER_APPICON_NAME = AppIcon;
				ASSETCATALOG_COMPILER_GLOBAL_ACCENT_COLOR_NAME = AccentColor;
				CODE_SIGN_STYLE = Automatic;
				CURRENT_PROJECT_VERSION = 1;
				DEVELOPMENT_TEAM = UKZF3A6P2B;
				GENERATE_INFOPLIST_FILE = YES;
				INFOPLIST_FILE = BookMark/Info.plist;
				INFOPLIST_KEY_UIApplicationSupportsIndirectInputEvents = YES;
				INFOPLIST_KEY_UILaunchStoryboardName = LaunchScreen;
				INFOPLIST_KEY_UIMainStoryboardFile = Main;
				INFOPLIST_KEY_UISupportedInterfaceOrientations_iPad = "UIInterfaceOrientationPortrait UIInterfaceOrientationPortraitUpsideDown UIInterfaceOrientationLandscapeLeft UIInterfaceOrientationLandscapeRight";
				INFOPLIST_KEY_UISupportedInterfaceOrientations_iPhone = "UIInterfaceOrientationPortrait UIInterfaceOrientationLandscapeLeft UIInterfaceOrientationLandscapeRight";
				IPHONEOS_DEPLOYMENT_TARGET = 15.0;
				LD_RUNPATH_SEARCH_PATHS = (
					"$(inherited)",
					"@executable_path/Frameworks",
				);
				MARKETING_VERSION = 1.0;
				PRODUCT_BUNDLE_IDENTIFIER = "com.BookMark-Oneline.BookMark";
				PRODUCT_NAME = "$(TARGET_NAME)";
				SWIFT_EMIT_LOC_STRINGS = YES;
				SWIFT_VERSION = 5.0;
				TARGETED_DEVICE_FAMILY = "1,2";
			};
			name = Release;
		};
/* End XCBuildConfiguration section */

/* Begin XCConfigurationList section */
		86C3C2A8296858370035CFFE /* Build configuration list for PBXProject "BookMark" */ = {
			isa = XCConfigurationList;
			buildConfigurations = (
				86C3C2BF296858380035CFFE /* Debug */,
				86C3C2C0296858380035CFFE /* Release */,
			);
			defaultConfigurationIsVisible = 0;
			defaultConfigurationName = Release;
		};
		86C3C2C1296858380035CFFE /* Build configuration list for PBXNativeTarget "BookMark" */ = {
			isa = XCConfigurationList;
			buildConfigurations = (
				86C3C2C2296858380035CFFE /* Debug */,
				86C3C2C3296858380035CFFE /* Release */,
			);
			defaultConfigurationIsVisible = 0;
			defaultConfigurationName = Release;
		};
/* End XCConfigurationList section */
	};
	rootObject = 86C3C2A5296858370035CFFE /* Project object */;
}
